// !$*UTF8*$!
{
	archiveVersion = 1;
	classes = {
	};
	objectVersion = 50;
	objects = {

/* Begin PBXBuildFile section */
		3868C8802166EBDE0002C68A /* Theme.swift in Sources */ = {isa = PBXBuildFile; fileRef = 3868C87F2166EBDE0002C68A /* Theme.swift */; };
		3868C8832166F3F10002C68A /* HiLoButton.swift in Sources */ = {isa = PBXBuildFile; fileRef = 3868C8822166F3F10002C68A /* HiLoButton.swift */; };
		870C3D8A2166D3BE0012BC20 /* AppDelegate.swift in Sources */ = {isa = PBXBuildFile; fileRef = 870C3D892166D3BE0012BC20 /* AppDelegate.swift */; };
		870C3D8F2166D3BE0012BC20 /* Main.storyboard in Resources */ = {isa = PBXBuildFile; fileRef = 870C3D8D2166D3BE0012BC20 /* Main.storyboard */; };
		870C3D922166D3BE0012BC20 /* DevMtn_StripHiLo.xcdatamodeld in Sources */ = {isa = PBXBuildFile; fileRef = 870C3D902166D3BE0012BC20 /* DevMtn_StripHiLo.xcdatamodeld */; };
		870C3D942166D3BF0012BC20 /* Assets.xcassets in Resources */ = {isa = PBXBuildFile; fileRef = 870C3D932166D3BF0012BC20 /* Assets.xcassets */; };
		870C3D972166D3BF0012BC20 /* LaunchScreen.storyboard in Resources */ = {isa = PBXBuildFile; fileRef = 870C3D952166D3BF0012BC20 /* LaunchScreen.storyboard */; };
		870C3DA32166D6CB0012BC20 /* Card.swift in Sources */ = {isa = PBXBuildFile; fileRef = 870C3DA22166D6CB0012BC20 /* Card.swift */; };
		870C3DA52166D6EF0012BC20 /* StickFigure.swift in Sources */ = {isa = PBXBuildFile; fileRef = 870C3DA42166D6EF0012BC20 /* StickFigure.swift */; };
		870C3DA72166D70D0012BC20 /* CardController.swift in Sources */ = {isa = PBXBuildFile; fileRef = 870C3DA62166D70D0012BC20 /* CardController.swift */; };
		870C3DAB2166E5500012BC20 /* GamePlayViewController.swift in Sources */ = {isa = PBXBuildFile; fileRef = 870C3DAA2166E5500012BC20 /* GamePlayViewController.swift */; };
/* End PBXBuildFile section */

/* Begin PBXFileReference section */
		3868C87F2166EBDE0002C68A /* Theme.swift */ = {isa = PBXFileReference; lastKnownFileType = sourcecode.swift; path = Theme.swift; sourceTree = "<group>"; };
		3868C8822166F3F10002C68A /* HiLoButton.swift */ = {isa = PBXFileReference; lastKnownFileType = sourcecode.swift; path = HiLoButton.swift; sourceTree = "<group>"; };
		870C3D862166D3BE0012BC20 /* DevMtn-StripHiLo.app */ = {isa = PBXFileReference; explicitFileType = wrapper.application; includeInIndex = 0; path = "DevMtn-StripHiLo.app"; sourceTree = BUILT_PRODUCTS_DIR; };
		870C3D892166D3BE0012BC20 /* AppDelegate.swift */ = {isa = PBXFileReference; lastKnownFileType = sourcecode.swift; path = AppDelegate.swift; sourceTree = "<group>"; };
		870C3D8E2166D3BE0012BC20 /* Base */ = {isa = PBXFileReference; lastKnownFileType = file.storyboard; name = Base; path = Base.lproj/Main.storyboard; sourceTree = "<group>"; };
		870C3D912166D3BE0012BC20 /* DevMtn_StripHiLo.xcdatamodel */ = {isa = PBXFileReference; lastKnownFileType = wrapper.xcdatamodel; path = DevMtn_StripHiLo.xcdatamodel; sourceTree = "<group>"; };
		870C3D932166D3BF0012BC20 /* Assets.xcassets */ = {isa = PBXFileReference; lastKnownFileType = folder.assetcatalog; path = Assets.xcassets; sourceTree = "<group>"; };
		870C3D962166D3BF0012BC20 /* Base */ = {isa = PBXFileReference; lastKnownFileType = file.storyboard; name = Base; path = Base.lproj/LaunchScreen.storyboard; sourceTree = "<group>"; };
		870C3D982166D3BF0012BC20 /* Info.plist */ = {isa = PBXFileReference; lastKnownFileType = text.plist.xml; path = Info.plist; sourceTree = "<group>"; };
		870C3DA22166D6CB0012BC20 /* Card.swift */ = {isa = PBXFileReference; lastKnownFileType = sourcecode.swift; path = Card.swift; sourceTree = "<group>"; };
		870C3DA42166D6EF0012BC20 /* StickFigure.swift */ = {isa = PBXFileReference; lastKnownFileType = sourcecode.swift; path = StickFigure.swift; sourceTree = "<group>"; };
		870C3DA62166D70D0012BC20 /* CardController.swift */ = {isa = PBXFileReference; lastKnownFileType = sourcecode.swift; path = CardController.swift; sourceTree = "<group>"; };
		870C3DAA2166E5500012BC20 /* GamePlayViewController.swift */ = {isa = PBXFileReference; lastKnownFileType = sourcecode.swift; path = GamePlayViewController.swift; sourceTree = "<group>"; };
/* End PBXFileReference section */

/* Begin PBXFrameworksBuildPhase section */
		870C3D832166D3BE0012BC20 /* Frameworks */ = {
			isa = PBXFrameworksBuildPhase;
			buildActionMask = 2147483647;
			files = (
			);
			runOnlyForDeploymentPostprocessing = 0;
		};
/* End PBXFrameworksBuildPhase section */

/* Begin PBXGroup section */
		3868C87E2166EBCD0002C68A /* Theme */ = {
			isa = PBXGroup;
			children = (
				3868C87F2166EBDE0002C68A /* Theme.swift */,
			);
			path = Theme;
			sourceTree = "<group>";
		};
		3868C8812166F3D60002C68A /* Views */ = {
			isa = PBXGroup;
			children = (
				3868C8822166F3F10002C68A /* HiLoButton.swift */,
			);
			path = Views;
			sourceTree = "<group>";
		};
		870C3D7D2166D3BE0012BC20 = {
			isa = PBXGroup;
			children = (
				870C3D882166D3BE0012BC20 /* DevMtn-StripHiLo */,
				870C3D872166D3BE0012BC20 /* Products */,
			);
			sourceTree = "<group>";
		};
		870C3D872166D3BE0012BC20 /* Products */ = {
			isa = PBXGroup;
			children = (
				870C3D862166D3BE0012BC20 /* DevMtn-StripHiLo.app */,
			);
			name = Products;
			sourceTree = "<group>";
		};
		870C3D882166D3BE0012BC20 /* DevMtn-StripHiLo */ = {
			isa = PBXGroup;
			children = (
				870C3D9F2166D69C0012BC20 /* Model */,
				870C3DA02166D69F0012BC20 /* Model Controller */,
				870C3DA12166D6A50012BC20 /* View Controller */,
				3868C87E2166EBCD0002C68A /* Theme */,
				3868C8812166F3D60002C68A /* Views */,
				870C3D9E2166D6940012BC20 /* Resources */,
			);
			path = "DevMtn-StripHiLo";
			sourceTree = "<group>";
		};
		870C3D9E2166D6940012BC20 /* Resources */ = {
			isa = PBXGroup;
			children = (
				870C3D892166D3BE0012BC20 /* AppDelegate.swift */,
				870C3D8D2166D3BE0012BC20 /* Main.storyboard */,
				870C3D932166D3BF0012BC20 /* Assets.xcassets */,
				870C3D952166D3BF0012BC20 /* LaunchScreen.storyboard */,
				870C3D982166D3BF0012BC20 /* Info.plist */,
				870C3D902166D3BE0012BC20 /* DevMtn_StripHiLo.xcdatamodeld */,
			);
			path = Resources;
			sourceTree = "<group>";
		};
		870C3D9F2166D69C0012BC20 /* Model */ = {
			isa = PBXGroup;
			children = (
				870C3DA22166D6CB0012BC20 /* Card.swift */,
				870C3DA42166D6EF0012BC20 /* StickFigure.swift */,
			);
			path = Model;
			sourceTree = "<group>";
		};
		870C3DA02166D69F0012BC20 /* Model Controller */ = {
			isa = PBXGroup;
			children = (
				870C3DA62166D70D0012BC20 /* CardController.swift */,
			);
			path = "Model Controller";
			sourceTree = "<group>";
		};
		870C3DA12166D6A50012BC20 /* View Controller */ = {
			isa = PBXGroup;
			children = (
				870C3DAA2166E5500012BC20 /* GamePlayViewController.swift */,
			);
			path = "View Controller";
			sourceTree = "<group>";
		};
/* End PBXGroup section */

/* Begin PBXNativeTarget section */
		870C3D852166D3BE0012BC20 /* DevMtn-StripHiLo */ = {
			isa = PBXNativeTarget;
			buildConfigurationList = 870C3D9B2166D3BF0012BC20 /* Build configuration list for PBXNativeTarget "DevMtn-StripHiLo" */;
			buildPhases = (
				870C3D822166D3BE0012BC20 /* Sources */,
				870C3D832166D3BE0012BC20 /* Frameworks */,
				870C3D842166D3BE0012BC20 /* Resources */,
			);
			buildRules = (
			);
			dependencies = (
			);
			name = "DevMtn-StripHiLo";
			productName = "DevMtn-StripHiLo";
			productReference = 870C3D862166D3BE0012BC20 /* DevMtn-StripHiLo.app */;
			productType = "com.apple.product-type.application";
		};
/* End PBXNativeTarget section */

/* Begin PBXProject section */
		870C3D7E2166D3BE0012BC20 /* Project object */ = {
			isa = PBXProject;
			attributes = {
				LastSwiftUpdateCheck = 1000;
				LastUpgradeCheck = 1000;
				ORGANIZATIONNAME = "John Tate";
				TargetAttributes = {
					870C3D852166D3BE0012BC20 = {
						CreatedOnToolsVersion = 10.0;
					};
				};
			};
			buildConfigurationList = 870C3D812166D3BE0012BC20 /* Build configuration list for PBXProject "DevMtn-StripHiLo" */;
			compatibilityVersion = "Xcode 9.3";
			developmentRegion = en;
			hasScannedForEncodings = 0;
			knownRegions = (
				en,
				Base,
			);
			mainGroup = 870C3D7D2166D3BE0012BC20;
			productRefGroup = 870C3D872166D3BE0012BC20 /* Products */;
			projectDirPath = "";
			projectRoot = "";
			targets = (
				870C3D852166D3BE0012BC20 /* DevMtn-StripHiLo */,
			);
		};
/* End PBXProject section */

/* Begin PBXResourcesBuildPhase section */
		870C3D842166D3BE0012BC20 /* Resources */ = {
			isa = PBXResourcesBuildPhase;
			buildActionMask = 2147483647;
			files = (
				870C3D972166D3BF0012BC20 /* LaunchScreen.storyboard in Resources */,
				870C3D942166D3BF0012BC20 /* Assets.xcassets in Resources */,
				870C3D8F2166D3BE0012BC20 /* Main.storyboard in Resources */,
			);
			runOnlyForDeploymentPostprocessing = 0;
		};
/* End PBXResourcesBuildPhase section */

/* Begin PBXSourcesBuildPhase section */
		870C3D822166D3BE0012BC20 /* Sources */ = {
			isa = PBXSourcesBuildPhase;
			buildActionMask = 2147483647;
			files = (
				870C3DA72166D70D0012BC20 /* CardController.swift in Sources */,
				870C3DA52166D6EF0012BC20 /* StickFigure.swift in Sources */,
				870C3D922166D3BE0012BC20 /* DevMtn_StripHiLo.xcdatamodeld in Sources */,
				3868C8832166F3F10002C68A /* HiLoButton.swift in Sources */,
				870C3DAB2166E5500012BC20 /* GamePlayViewController.swift in Sources */,
				870C3DA32166D6CB0012BC20 /* Card.swift in Sources */,
				870C3D8A2166D3BE0012BC20 /* AppDelegate.swift in Sources */,
				3868C8802166EBDE0002C68A /* Theme.swift in Sources */,
			);
			runOnlyForDeploymentPostprocessing = 0;
		};
/* End PBXSourcesBuildPhase section */

/* Begin PBXVariantGroup section */
		870C3D8D2166D3BE0012BC20 /* Main.storyboard */ = {
			isa = PBXVariantGroup;
			children = (
				870C3D8E2166D3BE0012BC20 /* Base */,
			);
			name = Main.storyboard;
			sourceTree = "<group>";
		};
		870C3D952166D3BF0012BC20 /* LaunchScreen.storyboard */ = {
			isa = PBXVariantGroup;
			children = (
				870C3D962166D3BF0012BC20 /* Base */,
			);
			name = LaunchScreen.storyboard;
			sourceTree = "<group>";
		};
/* End PBXVariantGroup section */

/* Begin XCBuildConfiguration section */
		870C3D992166D3BF0012BC20 /* Debug */ = {
			isa = XCBuildConfiguration;
			buildSettings = {
				ALWAYS_SEARCH_USER_PATHS = NO;
				CLANG_ANALYZER_NONNULL = YES;
				CLANG_ANALYZER_NUMBER_OBJECT_CONVERSION = YES_AGGRESSIVE;
				CLANG_CXX_LANGUAGE_STANDARD = "gnu++14";
				CLANG_CXX_LIBRARY = "libc++";
				CLANG_ENABLE_MODULES = YES;
				CLANG_ENABLE_OBJC_ARC = YES;
				CLANG_ENABLE_OBJC_WEAK = YES;
				CLANG_WARN_BLOCK_CAPTURE_AUTORELEASING = YES;
				CLANG_WARN_BOOL_CONVERSION = YES;
				CLANG_WARN_COMMA = YES;
				CLANG_WARN_CONSTANT_CONVERSION = YES;
				CLANG_WARN_DEPRECATED_OBJC_IMPLEMENTATIONS = YES;
				CLANG_WARN_DIRECT_OBJC_ISA_USAGE = YES_ERROR;
				CLANG_WARN_DOCUMENTATION_COMMENTS = YES;
				CLANG_WARN_EMPTY_BODY = YES;
				CLANG_WARN_ENUM_CONVERSION = YES;
				CLANG_WARN_INFINITE_RECURSION = YES;
				CLANG_WARN_INT_CONVERSION = YES;
				CLANG_WARN_NON_LITERAL_NULL_CONVERSION = YES;
				CLANG_WARN_OBJC_IMPLICIT_RETAIN_SELF = YES;
				CLANG_WARN_OBJC_LITERAL_CONVERSION = YES;
				CLANG_WARN_OBJC_ROOT_CLASS = YES_ERROR;
				CLANG_WARN_RANGE_LOOP_ANALYSIS = YES;
				CLANG_WARN_STRICT_PROTOTYPES = YES;
				CLANG_WARN_SUSPICIOUS_MOVE = YES;
				CLANG_WARN_UNGUARDED_AVAILABILITY = YES_AGGRESSIVE;
				CLANG_WARN_UNREACHABLE_CODE = YES;
				CLANG_WARN__DUPLICATE_METHOD_MATCH = YES;
				CODE_SIGN_IDENTITY = "iPhone Developer";
				COPY_PHASE_STRIP = NO;
				DEBUG_INFORMATION_FORMAT = dwarf;
				ENABLE_STRICT_OBJC_MSGSEND = YES;
				ENABLE_TESTABILITY = YES;
				GCC_C_LANGUAGE_STANDARD = gnu11;
				GCC_DYNAMIC_NO_PIC = NO;
				GCC_NO_COMMON_BLOCKS = YES;
				GCC_OPTIMIZATION_LEVEL = 0;
				GCC_PREPROCESSOR_DEFINITIONS = (
					"DEBUG=1",
					"$(inherited)",
				);
				GCC_WARN_64_TO_32_BIT_CONVERSION = YES;
				GCC_WARN_ABOUT_RETURN_TYPE = YES_ERROR;
				GCC_WARN_UNDECLARED_SELECTOR = YES;
				GCC_WARN_UNINITIALIZED_AUTOS = YES_AGGRESSIVE;
				GCC_WARN_UNUSED_FUNCTION = YES;
				GCC_WARN_UNUSED_VARIABLE = YES;
				IPHONEOS_DEPLOYMENT_TARGET = 12.0;
				MTL_ENABLE_DEBUG_INFO = INCLUDE_SOURCE;
				MTL_FAST_MATH = YES;
				ONLY_ACTIVE_ARCH = YES;
				SDKROOT = iphoneos;
				SWIFT_ACTIVE_COMPILATION_CONDITIONS = DEBUG;
				SWIFT_OPTIMIZATION_LEVEL = "-Onone";
			};
			name = Debug;
		};
		870C3D9A2166D3BF0012BC20 /* Release */ = {
			isa = XCBuildConfiguration;
			buildSettings = {
				ALWAYS_SEARCH_USER_PATHS = NO;
				CLANG_ANALYZER_NONNULL = YES;
				CLANG_ANALYZER_NUMBER_OBJECT_CONVERSION = YES_AGGRESSIVE;
				CLANG_CXX_LANGUAGE_STANDARD = "gnu++14";
				CLANG_CXX_LIBRARY = "libc++";
				CLANG_ENABLE_MODULES = YES;
				CLANG_ENABLE_OBJC_ARC = YES;
				CLANG_ENABLE_OBJC_WEAK = YES;
				CLANG_WARN_BLOCK_CAPTURE_AUTORELEASING = YES;
				CLANG_WARN_BOOL_CONVERSION = YES;
				CLANG_WARN_COMMA = YES;
				CLANG_WARN_CONSTANT_CONVERSION = YES;
				CLANG_WARN_DEPRECATED_OBJC_IMPLEMENTATIONS = YES;
				CLANG_WARN_DIRECT_OBJC_ISA_USAGE = YES_ERROR;
				CLANG_WARN_DOCUMENTATION_COMMENTS = YES;
				CLANG_WARN_EMPTY_BODY = YES;
				CLANG_WARN_ENUM_CONVERSION = YES;
				CLANG_WARN_INFINITE_RECURSION = YES;
				CLANG_WARN_INT_CONVERSION = YES;
				CLANG_WARN_NON_LITERAL_NULL_CONVERSION = YES;
				CLANG_WARN_OBJC_IMPLICIT_RETAIN_SELF = YES;
				CLANG_WARN_OBJC_LITERAL_CONVERSION = YES;
				CLANG_WARN_OBJC_ROOT_CLASS = YES_ERROR;
				CLANG_WARN_RANGE_LOOP_ANALYSIS = YES;
				CLANG_WARN_STRICT_PROTOTYPES = YES;
				CLANG_WARN_SUSPICIOUS_MOVE = YES;
				CLANG_WARN_UNGUARDED_AVAILABILITY = YES_AGGRESSIVE;
				CLANG_WARN_UNREACHABLE_CODE = YES;
				CLANG_WARN__DUPLICATE_METHOD_MATCH = YES;
				CODE_SIGN_IDENTITY = "iPhone Developer";
				COPY_PHASE_STRIP = NO;
				DEBUG_INFORMATION_FORMAT = "dwarf-with-dsym";
				ENABLE_NS_ASSERTIONS = NO;
				ENABLE_STRICT_OBJC_MSGSEND = YES;
				GCC_C_LANGUAGE_STANDARD = gnu11;
				GCC_NO_COMMON_BLOCKS = YES;
				GCC_WARN_64_TO_32_BIT_CONVERSION = YES;
				GCC_WARN_ABOUT_RETURN_TYPE = YES_ERROR;
				GCC_WARN_UNDECLARED_SELECTOR = YES;
				GCC_WARN_UNINITIALIZED_AUTOS = YES_AGGRESSIVE;
				GCC_WARN_UNUSED_FUNCTION = YES;
				GCC_WARN_UNUSED_VARIABLE = YES;
				IPHONEOS_DEPLOYMENT_TARGET = 12.0;
				MTL_ENABLE_DEBUG_INFO = NO;
				MTL_FAST_MATH = YES;
				SDKROOT = iphoneos;
				SWIFT_COMPILATION_MODE = wholemodule;
				SWIFT_OPTIMIZATION_LEVEL = "-O";
				VALIDATE_PRODUCT = YES;
			};
			name = Release;
		};
		870C3D9C2166D3BF0012BC20 /* Debug */ = {
			isa = XCBuildConfiguration;
			buildSettings = {
				ASSETCATALOG_COMPILER_APPICON_NAME = AppIcon;
				CODE_SIGN_STYLE = Automatic;
				DEVELOPMENT_TEAM = 74SYWHWN72;
				INFOPLIST_FILE = "$(SRCROOT)/DevMtn-StripHiLo/Resources/Info.plist";
				LD_RUNPATH_SEARCH_PATHS = (
					"$(inherited)",
					"@executable_path/Frameworks",
				);
				PRODUCT_BUNDLE_IDENTIFIER = "com.example.DevMtn-StripHiLo";
				PRODUCT_NAME = "$(TARGET_NAME)";
				SWIFT_VERSION = 4.2;
				TARGETED_DEVICE_FAMILY = "1,2";
			};
			name = Debug;
		};
		870C3D9D2166D3BF0012BC20 /* Release */ = {
			isa = XCBuildConfiguration;
			buildSettings = {
				ASSETCATALOG_COMPILER_APPICON_NAME = AppIcon;
				CODE_SIGN_STYLE = Automatic;
				DEVELOPMENT_TEAM = 74SYWHWN72;
				INFOPLIST_FILE = "$(SRCROOT)/DevMtn-StripHiLo/Resources/Info.plist";
				LD_RUNPATH_SEARCH_PATHS = (
					"$(inherited)",
					"@executable_path/Frameworks",
				);
				PRODUCT_BUNDLE_IDENTIFIER = "com.example.DevMtn-StripHiLo";
				PRODUCT_NAME = "$(TARGET_NAME)";
				SWIFT_VERSION = 4.2;
				TARGETED_DEVICE_FAMILY = "1,2";
			};
			name = Release;
		};
/* End XCBuildConfiguration section */

/* Begin XCConfigurationList section */
		870C3D812166D3BE0012BC20 /* Build configuration list for PBXProject "DevMtn-StripHiLo" */ = {
			isa = XCConfigurationList;
			buildConfigurations = (
				870C3D992166D3BF0012BC20 /* Debug */,
				870C3D9A2166D3BF0012BC20 /* Release */,
			);
			defaultConfigurationIsVisible = 0;
			defaultConfigurationName = Release;
		};
		870C3D9B2166D3BF0012BC20 /* Build configuration list for PBXNativeTarget "DevMtn-StripHiLo" */ = {
			isa = XCConfigurationList;
			buildConfigurations = (
				870C3D9C2166D3BF0012BC20 /* Debug */,
				870C3D9D2166D3BF0012BC20 /* Release */,
			);
			defaultConfigurationIsVisible = 0;
			defaultConfigurationName = Release;
		};
/* End XCConfigurationList section */

/* Begin XCVersionGroup section */
		870C3D902166D3BE0012BC20 /* DevMtn_StripHiLo.xcdatamodeld */ = {
			isa = XCVersionGroup;
			children = (
				870C3D912166D3BE0012BC20 /* DevMtn_StripHiLo.xcdatamodel */,
			);
			currentVersion = 870C3D912166D3BE0012BC20 /* DevMtn_StripHiLo.xcdatamodel */;
			path = DevMtn_StripHiLo.xcdatamodeld;
			sourceTree = "<group>";
			versionGroupType = wrapper.xcdatamodel;
		};
/* End XCVersionGroup section */
	};
	rootObject = 870C3D7E2166D3BE0012BC20 /* Project object */;
}
